
Microsoft Visual Studio Solution File, Format Version 12.00
# Visual Studio Version 17
VisualStudioVersion = 17.9.34622.214
MinimumVisualStudioVersion = 10.0.40219.1
Project("{9A19103F-16F7-4668-BE54-9A1E7A4F7556}") = "Admin", "Admin\Admin.csproj", "{788720F6-EEBF-4E15-8899-0DBEB72056FD}"
EndProject
Project("{FAE04EC0-301F-11D3-BF4B-00C04F79EFBC}") = "Api", "Api\Api.csproj", "{DB1BBA4F-F1E2-4EA7-9D4F-7823C681AB86}"
EndProject
Project("{9A19103F-16F7-4668-BE54-9A1E7A4F7556}") = "Libraries", "Libraries\Libraries.csproj", "{DB4C9029-AC2A-46AE-8E93-0060B5BBAD79}"
EndProject
Global
	GlobalSection(SolutionConfigurationPlatforms) = preSolution
		Debug|Any CPU = Debug|Any CPU
		Release|Any CPU = Release|Any CPU
	EndGlobalSection
	GlobalSection(ProjectConfigurationPlatforms) = postSolution
		{788720F6-EEBF-4E15-8899-0DBEB72056FD}.Debug|Any CPU.ActiveCfg = Debug|Any CPU
		{788720F6-EEBF-4E15-8899-0DBEB72056FD}.Debug|Any CPU.Build.0 = Debug|Any CPU
		{788720F6-EEBF-4E15-8899-0DBEB72056FD}.Release|Any CPU.ActiveCfg = Release|Any CPU
		{788720F6-EEBF-4E15-8899-0DBEB72056FD}.Release|Any CPU.Build.0 = Release|Any CPU
		{DB1BBA4F-F1E2-4EA7-9D4F-7823C681AB86}.Debug|Any CPU.ActiveCfg = Debug|Any CPU
		{DB1BBA4F-F1E2-4EA7-9D4F-7823C681AB86}.Debug|Any CPU.Build.0 = Debug|Any CPU
		{DB1BBA4F-F1E2-4EA7-9D4F-7823C681AB86}.Release|Any CPU.ActiveCfg = Release|Any CPU
		{DB1BBA4F-F1E2-4EA7-9D4F-7823C681AB86}.Release|Any CPU.Build.0 = Release|Any CPU
		{DB4C9029-AC2A-46AE-8E93-0060B5BBAD79}.Debug|Any CPU.ActiveCfg = Debug|Any CPU
		{DB4C9029-AC2A-46AE-8E93-0060B5BBAD79}.Debug|Any CPU.Build.0 = Debug|Any CPU
		{DB4C9029-AC2A-46AE-8E93-0060B5BBAD79}.Release|Any CPU.ActiveCfg = Release|Any CPU
		{DB4C9029-AC2A-46AE-8E93-0060B5BBAD79}.Release|Any CPU.Build.0 = Release|Any CPU
	EndGlobalSection
	GlobalSection(SolutionProperties) = preSolution
		HideSolutionNode = FALSE
	EndGlobalSection
	GlobalSection(ExtensibilityGlobals) = postSolution
		SolutionGuid = {BE2A10F2-8CC9-40F9-854D-6C5C8D0C7BA6}
	EndGlobalSection
EndGlobal
