
Microsoft Visual Studio Solution File, Format Version 12.00
# Visual Studio Version 17
VisualStudioVersion = 17.9.34622.214
MinimumVisualStudioVersion = 10.0.40219.1
Project("{9A19103F-16F7-4668-BE54-9A1E7A4F7556}") = "Facilitate.Admin", "Facilitate.Admin\Facilitate.Admin\Facilitate.Admin.csproj", "{4B520FD9-C63F-4638-8D23-8B0FC1B1FC75}"
EndProject
Project("{9A19103F-16F7-4668-BE54-9A1E7A4F7556}") = "Facilitate.Libraries", "Facilitate.Libraries\Facilitate.Libraries.csproj", "{3F7DC359-1AF4-4FDA-9B69-2725868FF6C1}"
EndProject
Project("{9A19103F-16F7-4668-BE54-9A1E7A4F7556}") = "Facilitate.Api", "Facilitate.Api\Facilitate.Api.csproj", "{4C91E384-6970-4FED-823A-D1C8F10C6966}"
EndProject
Global
	GlobalSection(SolutionConfigurationPlatforms) = preSolution
		Debug|Any CPU = Debug|Any CPU
		Release|Any CPU = Release|Any CPU
	EndGlobalSection
	GlobalSection(ProjectConfigurationPlatforms) = postSolution
		{4B520FD9-C63F-4638-8D23-8B0FC1B1FC75}.Debug|Any CPU.ActiveCfg = Debug|Any CPU
		{4B520FD9-C63F-4638-8D23-8B0FC1B1FC75}.Debug|Any CPU.Build.0 = Debug|Any CPU
		{4B520FD9-C63F-4638-8D23-8B0FC1B1FC75}.Release|Any CPU.ActiveCfg = Release|Any CPU
		{4B520FD9-C63F-4638-8D23-8B0FC1B1FC75}.Release|Any CPU.Build.0 = Release|Any CPU
		{3F7DC359-1AF4-4FDA-9B69-2725868FF6C1}.Debug|Any CPU.ActiveCfg = Debug|Any CPU
		{3F7DC359-1AF4-4FDA-9B69-2725868FF6C1}.Debug|Any CPU.Build.0 = Debug|Any CPU
		{3F7DC359-1AF4-4FDA-9B69-2725868FF6C1}.Release|Any CPU.ActiveCfg = Release|Any CPU
		{3F7DC359-1AF4-4FDA-9B69-2725868FF6C1}.Release|Any CPU.Build.0 = Release|Any CPU
		{4C91E384-6970-4FED-823A-D1C8F10C6966}.Debug|Any CPU.ActiveCfg = Debug|Any CPU
		{4C91E384-6970-4FED-823A-D1C8F10C6966}.Debug|Any CPU.Build.0 = Debug|Any CPU
		{4C91E384-6970-4FED-823A-D1C8F10C6966}.Release|Any CPU.ActiveCfg = Release|Any CPU
		{4C91E384-6970-4FED-823A-D1C8F10C6966}.Release|Any CPU.Build.0 = Release|Any CPU
	EndGlobalSection
	GlobalSection(SolutionProperties) = preSolution
		HideSolutionNode = FALSE
	EndGlobalSection
	GlobalSection(ExtensibilityGlobals) = postSolution
		SolutionGuid = {BE2A10F2-8CC9-40F9-854D-6C5C8D0C7BA6}
	EndGlobalSection
EndGlobal
