
Microsoft Visual Studio Solution File, Format Version 12.00
# Visual Studio Version 17
VisualStudioVersion = 17.9.34622.214
MinimumVisualStudioVersion = 10.0.40219.1
Project("{9A19103F-16F7-4668-BE54-9A1E7A4F7556}") = "Facilitate.Libraries", "Libraries\Facilitate.Libraries.csproj", "{BD7AC219-2C75-42E8-88EE-DA39BEE044A9}"
EndProject
Project("{9A19103F-16F7-4668-BE54-9A1E7A4F7556}") = "Facilitate.Admin", "Facilitate.Admin\Facilitate.Admin\Facilitate.Admin.csproj", "{4B520FD9-C63F-4638-8D23-8B0FC1B1FC75}"
EndProject
Project("{9A19103F-16F7-4668-BE54-9A1E7A4F7556}") = "Facilitate.Api", "Api\Facilitate.Api.csproj", "{A016EE59-102B-49E5-856C-522E865212F4}"
EndProject
Project("{9A19103F-16F7-4668-BE54-9A1E7A4F7556}") = "UsingUploadEditDataGrid", "..\DevExpress Upload Example\ORIGINAL\blazor-dxgrid-upload-image-with-dxupload-24.1.2-\CS\UsingUploadEditDataGrid\UsingUploadEditDataGrid.csproj", "{ABAE0AC1-0341-4B6B-9320-10659ABEAACF}"
EndProject
Project("{FAE04EC0-301F-11D3-BF4B-00C04F79EFBC}") = "UploadExample", "UploadExample\UploadExample.csproj", "{44CCFFA8-8803-49EC-B06B-F305D6A4312C}"
EndProject
Global
	GlobalSection(SolutionConfigurationPlatforms) = preSolution
		Debug|Any CPU = Debug|Any CPU
		Release|Any CPU = Release|Any CPU
	EndGlobalSection
	GlobalSection(ProjectConfigurationPlatforms) = postSolution
		{BD7AC219-2C75-42E8-88EE-DA39BEE044A9}.Debug|Any CPU.ActiveCfg = Debug|Any CPU
		{BD7AC219-2C75-42E8-88EE-DA39BEE044A9}.Debug|Any CPU.Build.0 = Debug|Any CPU
		{BD7AC219-2C75-42E8-88EE-DA39BEE044A9}.Release|Any CPU.ActiveCfg = Release|Any CPU
		{BD7AC219-2C75-42E8-88EE-DA39BEE044A9}.Release|Any CPU.Build.0 = Release|Any CPU
		{4B520FD9-C63F-4638-8D23-8B0FC1B1FC75}.Debug|Any CPU.ActiveCfg = Debug|Any CPU
		{4B520FD9-C63F-4638-8D23-8B0FC1B1FC75}.Debug|Any CPU.Build.0 = Debug|Any CPU
		{4B520FD9-C63F-4638-8D23-8B0FC1B1FC75}.Release|Any CPU.ActiveCfg = Release|Any CPU
		{4B520FD9-C63F-4638-8D23-8B0FC1B1FC75}.Release|Any CPU.Build.0 = Release|Any CPU
		{A016EE59-102B-49E5-856C-522E865212F4}.Debug|Any CPU.ActiveCfg = Debug|Any CPU
		{A016EE59-102B-49E5-856C-522E865212F4}.Debug|Any CPU.Build.0 = Debug|Any CPU
		{A016EE59-102B-49E5-856C-522E865212F4}.Release|Any CPU.ActiveCfg = Release|Any CPU
		{A016EE59-102B-49E5-856C-522E865212F4}.Release|Any CPU.Build.0 = Release|Any CPU
		{ABAE0AC1-0341-4B6B-9320-10659ABEAACF}.Debug|Any CPU.ActiveCfg = Debug|Any CPU
		{ABAE0AC1-0341-4B6B-9320-10659ABEAACF}.Debug|Any CPU.Build.0 = Debug|Any CPU
		{ABAE0AC1-0341-4B6B-9320-10659ABEAACF}.Release|Any CPU.ActiveCfg = Release|Any CPU
		{ABAE0AC1-0341-4B6B-9320-10659ABEAACF}.Release|Any CPU.Build.0 = Release|Any CPU
		{44CCFFA8-8803-49EC-B06B-F305D6A4312C}.Debug|Any CPU.ActiveCfg = Debug|Any CPU
		{44CCFFA8-8803-49EC-B06B-F305D6A4312C}.Debug|Any CPU.Build.0 = Debug|Any CPU
		{44CCFFA8-8803-49EC-B06B-F305D6A4312C}.Release|Any CPU.ActiveCfg = Release|Any CPU
		{44CCFFA8-8803-49EC-B06B-F305D6A4312C}.Release|Any CPU.Build.0 = Release|Any CPU
	EndGlobalSection
	GlobalSection(SolutionProperties) = preSolution
		HideSolutionNode = FALSE
	EndGlobalSection
	GlobalSection(ExtensibilityGlobals) = postSolution
		SolutionGuid = {BE2A10F2-8CC9-40F9-854D-6C5C8D0C7BA6}
	EndGlobalSection
EndGlobal
