
Microsoft Visual Studio Solution File, Format Version 12.00
# Visual Studio Version 17
VisualStudioVersion = 17.9.34728.123
MinimumVisualStudioVersion = 10.0.40219.1
Project("{9A19103F-16F7-4668-BE54-9A1E7A4F7556}") = "Facilitate.Admin", "Facilitate.Admin\Facilitate.Admin.csproj", "{24FF3A94-1702-4855-9B3E-1B4DAFFB3231}"
EndProject
Project("{9A19103F-16F7-4668-BE54-9A1E7A4F7556}") = "Facilitate.Libraries", "..\Libraries\Facilitate.Libraries.csproj", "{98593B05-2A46-4F2F-B1D8-6B4AD165431F}"
EndProject
Global
	GlobalSection(SolutionConfigurationPlatforms) = preSolution
		Debug|Any CPU = Debug|Any CPU
		Release|Any CPU = Release|Any CPU
	EndGlobalSection
	GlobalSection(ProjectConfigurationPlatforms) = postSolution
		{24FF3A94-1702-4855-9B3E-1B4DAFFB3231}.Debug|Any CPU.ActiveCfg = Debug|Any CPU
		{24FF3A94-1702-4855-9B3E-1B4DAFFB3231}.Debug|Any CPU.Build.0 = Debug|Any CPU
		{24FF3A94-1702-4855-9B3E-1B4DAFFB3231}.Release|Any CPU.ActiveCfg = Release|Any CPU
		{24FF3A94-1702-4855-9B3E-1B4DAFFB3231}.Release|Any CPU.Build.0 = Release|Any CPU
		{98593B05-2A46-4F2F-B1D8-6B4AD165431F}.Debug|Any CPU.ActiveCfg = Debug|Any CPU
		{98593B05-2A46-4F2F-B1D8-6B4AD165431F}.Debug|Any CPU.Build.0 = Debug|Any CPU
		{98593B05-2A46-4F2F-B1D8-6B4AD165431F}.Release|Any CPU.ActiveCfg = Release|Any CPU
		{98593B05-2A46-4F2F-B1D8-6B4AD165431F}.Release|Any CPU.Build.0 = Release|Any CPU
	EndGlobalSection
	GlobalSection(SolutionProperties) = preSolution
		HideSolutionNode = FALSE
	EndGlobalSection
	GlobalSection(ExtensibilityGlobals) = postSolution
		SolutionGuid = {A7639D38-5757-424F-8A2D-E96DB58A795A}
	EndGlobalSection
EndGlobal
